// !$*UTF8*$!
{
	archiveVersion = 1;
	classes = {
	};
	objectVersion = 46;
	objects = {

/* Begin PBXBuildFile section */
		156300E88859A055A9880D61 /* Pods_MRT.framework in Frameworks */ = {isa = PBXBuildFile; fileRef = E6A2BDF3AE167BC3AADD8F69 /* Pods_MRT.framework */; };
		F15241EE1CEDDAD4003732C7 /* AppDelegate.swift in Sources */ = {isa = PBXBuildFile; fileRef = F15241ED1CEDDAD4003732C7 /* AppDelegate.swift */; };
		F15241F31CEDDAD4003732C7 /* Main.storyboard in Resources */ = {isa = PBXBuildFile; fileRef = F15241F11CEDDAD4003732C7 /* Main.storyboard */; };
		F15241F51CEDDAD4003732C7 /* Assets.xcassets in Resources */ = {isa = PBXBuildFile; fileRef = F15241F41CEDDAD4003732C7 /* Assets.xcassets */; };
		F15241F81CEDDAD4003732C7 /* LaunchScreen.storyboard in Resources */ = {isa = PBXBuildFile; fileRef = F15241F61CEDDAD4003732C7 /* LaunchScreen.storyboard */; };
		F15242031CEDDAD4003732C7 /* MRTTests.swift in Sources */ = {isa = PBXBuildFile; fileRef = F15242021CEDDAD4003732C7 /* MRTTests.swift */; };
		F152420E1CEDDAD4003732C7 /* MRTUITests.swift in Sources */ = {isa = PBXBuildFile; fileRef = F152420D1CEDDAD4003732C7 /* MRTUITests.swift */; };
		F152421C1CEDDB0F003732C7 /* StationTableViewController.swift in Sources */ = {isa = PBXBuildFile; fileRef = F152421B1CEDDB0F003732C7 /* StationTableViewController.swift */; };
		F152421E1CEDDB4D003732C7 /* StationTableViewCell.swift in Sources */ = {isa = PBXBuildFile; fileRef = F152421D1CEDDB4D003732C7 /* StationTableViewCell.swift */; };
		F15242201CEDF442003732C7 /* StationDetailViewController.swift in Sources */ = {isa = PBXBuildFile; fileRef = F152421F1CEDF442003732C7 /* StationDetailViewController.swift */; };
		F1A4C00A1CF5F53C002AB2A1 /* MRT.json in Resources */ = {isa = PBXBuildFile; fileRef = F1A4C0091CF5F53C002AB2A1 /* MRT.json */; };
/* End PBXBuildFile section */

/* Begin PBXContainerItemProxy section */
		F15241FF1CEDDAD4003732C7 /* PBXContainerItemProxy */ = {
			isa = PBXContainerItemProxy;
			containerPortal = F15241E21CEDDAD4003732C7 /* Project object */;
			proxyType = 1;
			remoteGlobalIDString = F15241E91CEDDAD4003732C7;
			remoteInfo = MRT;
		};
		F152420A1CEDDAD4003732C7 /* PBXContainerItemProxy */ = {
			isa = PBXContainerItemProxy;
			containerPortal = F15241E21CEDDAD4003732C7 /* Project object */;
			proxyType = 1;
			remoteGlobalIDString = F15241E91CEDDAD4003732C7;
			remoteInfo = MRT;
		};
/* End PBXContainerItemProxy section */

/* Begin PBXFileReference section */
		7CE0BF19B62EB6FE9C07B408 /* Pods-MRT.release.xcconfig */ = {isa = PBXFileReference; includeInIndex = 1; lastKnownFileType = text.xcconfig; name = "Pods-MRT.release.xcconfig"; path = "Pods/Target Support Files/Pods-MRT/Pods-MRT.release.xcconfig"; sourceTree = "<group>"; };
		B184E9211934557DCDCFC995 /* Pods-MRT.debug.xcconfig */ = {isa = PBXFileReference; includeInIndex = 1; lastKnownFileType = text.xcconfig; name = "Pods-MRT.debug.xcconfig"; path = "Pods/Target Support Files/Pods-MRT/Pods-MRT.debug.xcconfig"; sourceTree = "<group>"; };
		E6A2BDF3AE167BC3AADD8F69 /* Pods_MRT.framework */ = {isa = PBXFileReference; explicitFileType = wrapper.framework; includeInIndex = 0; path = Pods_MRT.framework; sourceTree = BUILT_PRODUCTS_DIR; };
		F15241EA1CEDDAD4003732C7 /* MRT.app */ = {isa = PBXFileReference; explicitFileType = wrapper.application; includeInIndex = 0; path = MRT.app; sourceTree = BUILT_PRODUCTS_DIR; };
		F15241ED1CEDDAD4003732C7 /* AppDelegate.swift */ = {isa = PBXFileReference; lastKnownFileType = sourcecode.swift; path = AppDelegate.swift; sourceTree = "<group>"; };
		F15241F21CEDDAD4003732C7 /* Base */ = {isa = PBXFileReference; lastKnownFileType = file.storyboard; name = Base; path = Base.lproj/Main.storyboard; sourceTree = "<group>"; };
		F15241F41CEDDAD4003732C7 /* Assets.xcassets */ = {isa = PBXFileReference; lastKnownFileType = folder.assetcatalog; path = Assets.xcassets; sourceTree = "<group>"; };
		F15241F71CEDDAD4003732C7 /* Base */ = {isa = PBXFileReference; lastKnownFileType = file.storyboard; name = Base; path = Base.lproj/LaunchScreen.storyboard; sourceTree = "<group>"; };
		F15241F91CEDDAD4003732C7 /* Info.plist */ = {isa = PBXFileReference; lastKnownFileType = text.plist.xml; path = Info.plist; sourceTree = "<group>"; };
		F15241FE1CEDDAD4003732C7 /* MRTTests.xctest */ = {isa = PBXFileReference; explicitFileType = wrapper.cfbundle; includeInIndex = 0; path = MRTTests.xctest; sourceTree = BUILT_PRODUCTS_DIR; };
		F15242021CEDDAD4003732C7 /* MRTTests.swift */ = {isa = PBXFileReference; lastKnownFileType = sourcecode.swift; path = MRTTests.swift; sourceTree = "<group>"; };
		F15242041CEDDAD4003732C7 /* Info.plist */ = {isa = PBXFileReference; lastKnownFileType = text.plist.xml; path = Info.plist; sourceTree = "<group>"; };
		F15242091CEDDAD4003732C7 /* MRTUITests.xctest */ = {isa = PBXFileReference; explicitFileType = wrapper.cfbundle; includeInIndex = 0; path = MRTUITests.xctest; sourceTree = BUILT_PRODUCTS_DIR; };
		F152420D1CEDDAD4003732C7 /* MRTUITests.swift */ = {isa = PBXFileReference; lastKnownFileType = sourcecode.swift; path = MRTUITests.swift; sourceTree = "<group>"; };
		F152420F1CEDDAD4003732C7 /* Info.plist */ = {isa = PBXFileReference; lastKnownFileType = text.plist.xml; path = Info.plist; sourceTree = "<group>"; };
		F152421B1CEDDB0F003732C7 /* StationTableViewController.swift */ = {isa = PBXFileReference; fileEncoding = 4; lastKnownFileType = sourcecode.swift; path = StationTableViewController.swift; sourceTree = "<group>"; };
		F152421D1CEDDB4D003732C7 /* StationTableViewCell.swift */ = {isa = PBXFileReference; fileEncoding = 4; lastKnownFileType = sourcecode.swift; path = StationTableViewCell.swift; sourceTree = "<group>"; };
		F152421F1CEDF442003732C7 /* StationDetailViewController.swift */ = {isa = PBXFileReference; fileEncoding = 4; lastKnownFileType = sourcecode.swift; path = StationDetailViewController.swift; sourceTree = "<group>"; };
		F1A4C0091CF5F53C002AB2A1 /* MRT.json */ = {isa = PBXFileReference; fileEncoding = 4; lastKnownFileType = text.json; path = MRT.json; sourceTree = "<group>"; };
/* End PBXFileReference section */

/* Begin PBXFrameworksBuildPhase section */
		F15241E71CEDDAD4003732C7 /* Frameworks */ = {
			isa = PBXFrameworksBuildPhase;
			buildActionMask = 2147483647;
			files = (
				156300E88859A055A9880D61 /* Pods_MRT.framework in Frameworks */,
			);
			runOnlyForDeploymentPostprocessing = 0;
		};
		F15241FB1CEDDAD4003732C7 /* Frameworks */ = {
			isa = PBXFrameworksBuildPhase;
			buildActionMask = 2147483647;
			files = (
			);
			runOnlyForDeploymentPostprocessing = 0;
		};
		F15242061CEDDAD4003732C7 /* Frameworks */ = {
			isa = PBXFrameworksBuildPhase;
			buildActionMask = 2147483647;
			files = (
			);
			runOnlyForDeploymentPostprocessing = 0;
		};
/* End PBXFrameworksBuildPhase section */

/* Begin PBXGroup section */
		68B06181A85845C3D64350A2 /* Frameworks */ = {
			isa = PBXGroup;
			children = (
				E6A2BDF3AE167BC3AADD8F69 /* Pods_MRT.framework */,
			);
			name = Frameworks;
			sourceTree = "<group>";
		};
		978DF88D0CD0B6483AEDC44E /* Pods */ = {
			isa = PBXGroup;
			children = (
				B184E9211934557DCDCFC995 /* Pods-MRT.debug.xcconfig */,
				7CE0BF19B62EB6FE9C07B408 /* Pods-MRT.release.xcconfig */,
			);
			name = Pods;
			sourceTree = "<group>";
		};
		F15241E11CEDDAD4003732C7 = {
			isa = PBXGroup;
			children = (
				F15241EC1CEDDAD4003732C7 /* MRT */,
				F15242011CEDDAD4003732C7 /* MRTTests */,
				F152420C1CEDDAD4003732C7 /* MRTUITests */,
				F15241EB1CEDDAD4003732C7 /* Products */,
				978DF88D0CD0B6483AEDC44E /* Pods */,
				68B06181A85845C3D64350A2 /* Frameworks */,
			);
			sourceTree = "<group>";
		};
		F15241EB1CEDDAD4003732C7 /* Products */ = {
			isa = PBXGroup;
			children = (
				F15241EA1CEDDAD4003732C7 /* MRT.app */,
				F15241FE1CEDDAD4003732C7 /* MRTTests.xctest */,
				F15242091CEDDAD4003732C7 /* MRTUITests.xctest */,
			);
			name = Products;
			sourceTree = "<group>";
		};
		F15241EC1CEDDAD4003732C7 /* MRT */ = {
			isa = PBXGroup;
			children = (
				F15241ED1CEDDAD4003732C7 /* AppDelegate.swift */,
				F15241F11CEDDAD4003732C7 /* Main.storyboard */,
				F15241F41CEDDAD4003732C7 /* Assets.xcassets */,
				F15241F61CEDDAD4003732C7 /* LaunchScreen.storyboard */,
				F15241F91CEDDAD4003732C7 /* Info.plist */,
				F152421B1CEDDB0F003732C7 /* StationTableViewController.swift */,
				F152421D1CEDDB4D003732C7 /* StationTableViewCell.swift */,
				F152421F1CEDF442003732C7 /* StationDetailViewController.swift */,
				F1A4C0091CF5F53C002AB2A1 /* MRT.json */,
			);
			path = MRT;
			sourceTree = "<group>";
		};
		F15242011CEDDAD4003732C7 /* MRTTests */ = {
			isa = PBXGroup;
			children = (
				F15242021CEDDAD4003732C7 /* MRTTests.swift */,
				F15242041CEDDAD4003732C7 /* Info.plist */,
			);
			path = MRTTests;
			sourceTree = "<group>";
		};
		F152420C1CEDDAD4003732C7 /* MRTUITests */ = {
			isa = PBXGroup;
			children = (
				F152420D1CEDDAD4003732C7 /* MRTUITests.swift */,
				F152420F1CEDDAD4003732C7 /* Info.plist */,
			);
			path = MRTUITests;
			sourceTree = "<group>";
		};
/* End PBXGroup section */

/* Begin PBXNativeTarget section */
		F15241E91CEDDAD4003732C7 /* MRT */ = {
			isa = PBXNativeTarget;
			buildConfigurationList = F15242121CEDDAD4003732C7 /* Build configuration list for PBXNativeTarget "MRT" */;
			buildPhases = (
				B52BB4FF564EA312C92EEA8E /* 📦 Check Pods Manifest.lock */,
				F15241E61CEDDAD4003732C7 /* Sources */,
				F15241E71CEDDAD4003732C7 /* Frameworks */,
				F15241E81CEDDAD4003732C7 /* Resources */,
				FC9091A11A62FA72280804E8 /* 📦 Embed Pods Frameworks */,
				C0B65DEA59C434B364EE1DA0 /* 📦 Copy Pods Resources */,
			);
			buildRules = (
			);
			dependencies = (
			);
			name = MRT;
			productName = MRT;
			productReference = F15241EA1CEDDAD4003732C7 /* MRT.app */;
			productType = "com.apple.product-type.application";
		};
		F15241FD1CEDDAD4003732C7 /* MRTTests */ = {
			isa = PBXNativeTarget;
			buildConfigurationList = F15242151CEDDAD4003732C7 /* Build configuration list for PBXNativeTarget "MRTTests" */;
			buildPhases = (
				F15241FA1CEDDAD4003732C7 /* Sources */,
				F15241FB1CEDDAD4003732C7 /* Frameworks */,
				F15241FC1CEDDAD4003732C7 /* Resources */,
			);
			buildRules = (
			);
			dependencies = (
				F15242001CEDDAD4003732C7 /* PBXTargetDependency */,
			);
			name = MRTTests;
			productName = MRTTests;
			productReference = F15241FE1CEDDAD4003732C7 /* MRTTests.xctest */;
			productType = "com.apple.product-type.bundle.unit-test";
		};
		F15242081CEDDAD4003732C7 /* MRTUITests */ = {
			isa = PBXNativeTarget;
			buildConfigurationList = F15242181CEDDAD4003732C7 /* Build configuration list for PBXNativeTarget "MRTUITests" */;
			buildPhases = (
				F15242051CEDDAD4003732C7 /* Sources */,
				F15242061CEDDAD4003732C7 /* Frameworks */,
				F15242071CEDDAD4003732C7 /* Resources */,
			);
			buildRules = (
			);
			dependencies = (
				F152420B1CEDDAD4003732C7 /* PBXTargetDependency */,
			);
			name = MRTUITests;
			productName = MRTUITests;
			productReference = F15242091CEDDAD4003732C7 /* MRTUITests.xctest */;
			productType = "com.apple.product-type.bundle.ui-testing";
		};
/* End PBXNativeTarget section */

/* Begin PBXProject section */
		F15241E21CEDDAD4003732C7 /* Project object */ = {
			isa = PBXProject;
			attributes = {
				LastSwiftUpdateCheck = 0730;
				LastUpgradeCheck = 0730;
				ORGANIZATIONNAME = "Lin-Kai Huang";
				TargetAttributes = {
					F15241E91CEDDAD4003732C7 = {
						CreatedOnToolsVersion = 7.3.1;
						DevelopmentTeam = EE4L43JLK4;
					};
					F15241FD1CEDDAD4003732C7 = {
						CreatedOnToolsVersion = 7.3.1;
						DevelopmentTeam = EE4L43JLK4;
						TestTargetID = F15241E91CEDDAD4003732C7;
					};
					F15242081CEDDAD4003732C7 = {
						CreatedOnToolsVersion = 7.3.1;
						DevelopmentTeam = EE4L43JLK4;
						TestTargetID = F15241E91CEDDAD4003732C7;
					};
				};
			};
			buildConfigurationList = F15241E51CEDDAD4003732C7 /* Build configuration list for PBXProject "MRT" */;
			compatibilityVersion = "Xcode 3.2";
			developmentRegion = English;
			hasScannedForEncodings = 0;
			knownRegions = (
				en,
				Base,
			);
			mainGroup = F15241E11CEDDAD4003732C7;
			productRefGroup = F15241EB1CEDDAD4003732C7 /* Products */;
			projectDirPath = "";
			projectRoot = "";
			targets = (
				F15241E91CEDDAD4003732C7 /* MRT */,
				F15241FD1CEDDAD4003732C7 /* MRTTests */,
				F15242081CEDDAD4003732C7 /* MRTUITests */,
			);
		};
/* End PBXProject section */

/* Begin PBXResourcesBuildPhase section */
		F15241E81CEDDAD4003732C7 /* Resources */ = {
			isa = PBXResourcesBuildPhase;
			buildActionMask = 2147483647;
			files = (
				F15241F81CEDDAD4003732C7 /* LaunchScreen.storyboard in Resources */,
				F15241F51CEDDAD4003732C7 /* Assets.xcassets in Resources */,
				F15241F31CEDDAD4003732C7 /* Main.storyboard in Resources */,
				F1A4C00A1CF5F53C002AB2A1 /* MRT.json in Resources */,
			);
			runOnlyForDeploymentPostprocessing = 0;
		};
		F15241FC1CEDDAD4003732C7 /* Resources */ = {
			isa = PBXResourcesBuildPhase;
			buildActionMask = 2147483647;
			files = (
			);
			runOnlyForDeploymentPostprocessing = 0;
		};
		F15242071CEDDAD4003732C7 /* Resources */ = {
			isa = PBXResourcesBuildPhase;
			buildActionMask = 2147483647;
			files = (
			);
			runOnlyForDeploymentPostprocessing = 0;
		};
/* End PBXResourcesBuildPhase section */

/* Begin PBXShellScriptBuildPhase section */
		B52BB4FF564EA312C92EEA8E /* 📦 Check Pods Manifest.lock */ = {
			isa = PBXShellScriptBuildPhase;
			buildActionMask = 2147483647;
			files = (
			);
			inputPaths = (
			);
			name = "📦 Check Pods Manifest.lock";
			outputPaths = (
			);
			runOnlyForDeploymentPostprocessing = 0;
			shellPath = /bin/sh;
			shellScript = "diff \"${PODS_ROOT}/../Podfile.lock\" \"${PODS_ROOT}/Manifest.lock\" > /dev/null\nif [[ $? != 0 ]] ; then\n    cat << EOM\nerror: The sandbox is not in sync with the Podfile.lock. Run 'pod install' or update your CocoaPods installation.\nEOM\n    exit 1\nfi\n";
			showEnvVarsInLog = 0;
		};
		C0B65DEA59C434B364EE1DA0 /* 📦 Copy Pods Resources */ = {
			isa = PBXShellScriptBuildPhase;
			buildActionMask = 2147483647;
			files = (
			);
			inputPaths = (
			);
			name = "📦 Copy Pods Resources";
			outputPaths = (
			);
			runOnlyForDeploymentPostprocessing = 0;
			shellPath = /bin/sh;
			shellScript = "\"${SRCROOT}/Pods/Target Support Files/Pods-MRT/Pods-MRT-resources.sh\"\n";
			showEnvVarsInLog = 0;
		};
		FC9091A11A62FA72280804E8 /* 📦 Embed Pods Frameworks */ = {
			isa = PBXShellScriptBuildPhase;
			buildActionMask = 2147483647;
			files = (
			);
			inputPaths = (
			);
			name = "📦 Embed Pods Frameworks";
			outputPaths = (
			);
			runOnlyForDeploymentPostprocessing = 0;
			shellPath = /bin/sh;
			shellScript = "\"${SRCROOT}/Pods/Target Support Files/Pods-MRT/Pods-MRT-frameworks.sh\"\n";
			showEnvVarsInLog = 0;
		};
/* End PBXShellScriptBuildPhase section */

/* Begin PBXSourcesBuildPhase section */
		F15241E61CEDDAD4003732C7 /* Sources */ = {
			isa = PBXSourcesBuildPhase;
			buildActionMask = 2147483647;
			files = (
				F15242201CEDF442003732C7 /* StationDetailViewController.swift in Sources */,
				F152421C1CEDDB0F003732C7 /* StationTableViewController.swift in Sources */,
				F15241EE1CEDDAD4003732C7 /* AppDelegate.swift in Sources */,
				F152421E1CEDDB4D003732C7 /* StationTableViewCell.swift in Sources */,
			);
			runOnlyForDeploymentPostprocessing = 0;
		};
		F15241FA1CEDDAD4003732C7 /* Sources */ = {
			isa = PBXSourcesBuildPhase;
			buildActionMask = 2147483647;
			files = (
				F15242031CEDDAD4003732C7 /* MRTTests.swift in Sources */,
			);
			runOnlyForDeploymentPostprocessing = 0;
		};
		F15242051CEDDAD4003732C7 /* Sources */ = {
			isa = PBXSourcesBuildPhase;
			buildActionMask = 2147483647;
			files = (
				F152420E1CEDDAD4003732C7 /* MRTUITests.swift in Sources */,
			);
			runOnlyForDeploymentPostprocessing = 0;
		};
/* End PBXSourcesBuildPhase section */

/* Begin PBXTargetDependency section */
		F15242001CEDDAD4003732C7 /* PBXTargetDependency */ = {
			isa = PBXTargetDependency;
			target = F15241E91CEDDAD4003732C7 /* MRT */;
			targetProxy = F15241FF1CEDDAD4003732C7 /* PBXContainerItemProxy */;
		};
		F152420B1CEDDAD4003732C7 /* PBXTargetDependency */ = {
			isa = PBXTargetDependency;
			target = F15241E91CEDDAD4003732C7 /* MRT */;
			targetProxy = F152420A1CEDDAD4003732C7 /* PBXContainerItemProxy */;
		};
/* End PBXTargetDependency section */

/* Begin PBXVariantGroup section */
		F15241F11CEDDAD4003732C7 /* Main.storyboard */ = {
			isa = PBXVariantGroup;
			children = (
				F15241F21CEDDAD4003732C7 /* Base */,
			);
			name = Main.storyboard;
			sourceTree = "<group>";
		};
		F15241F61CEDDAD4003732C7 /* LaunchScreen.storyboard */ = {
			isa = PBXVariantGroup;
			children = (
				F15241F71CEDDAD4003732C7 /* Base */,
			);
			name = LaunchScreen.storyboard;
			sourceTree = "<group>";
		};
/* End PBXVariantGroup section */

/* Begin XCBuildConfiguration section */
		F15242101CEDDAD4003732C7 /* Debug */ = {
			isa = XCBuildConfiguration;
			buildSettings = {
				ALWAYS_SEARCH_USER_PATHS = NO;
				CLANG_ANALYZER_NONNULL = YES;
				CLANG_CXX_LANGUAGE_STANDARD = "gnu++0x";
				CLANG_CXX_LIBRARY = "libc++";
				CLANG_ENABLE_MODULES = YES;
				CLANG_ENABLE_OBJC_ARC = YES;
				CLANG_WARN_BOOL_CONVERSION = YES;
				CLANG_WARN_CONSTANT_CONVERSION = YES;
				CLANG_WARN_DIRECT_OBJC_ISA_USAGE = YES_ERROR;
				CLANG_WARN_EMPTY_BODY = YES;
				CLANG_WARN_ENUM_CONVERSION = YES;
				CLANG_WARN_INT_CONVERSION = YES;
				CLANG_WARN_OBJC_ROOT_CLASS = YES_ERROR;
				CLANG_WARN_UNREACHABLE_CODE = YES;
				CLANG_WARN__DUPLICATE_METHOD_MATCH = YES;
				"CODE_SIGN_IDENTITY[sdk=iphoneos*]" = "iPhone Developer";
				COPY_PHASE_STRIP = NO;
				DEBUG_INFORMATION_FORMAT = dwarf;
				ENABLE_STRICT_OBJC_MSGSEND = YES;
				ENABLE_TESTABILITY = YES;
				GCC_C_LANGUAGE_STANDARD = gnu99;
				GCC_DYNAMIC_NO_PIC = NO;
				GCC_NO_COMMON_BLOCKS = YES;
				GCC_OPTIMIZATION_LEVEL = 0;
				GCC_PREPROCESSOR_DEFINITIONS = (
					"DEBUG=1",
					"$(inherited)",
				);
				GCC_WARN_64_TO_32_BIT_CONVERSION = YES;
				GCC_WARN_ABOUT_RETURN_TYPE = YES_ERROR;
				GCC_WARN_UNDECLARED_SELECTOR = YES;
				GCC_WARN_UNINITIALIZED_AUTOS = YES_AGGRESSIVE;
				GCC_WARN_UNUSED_FUNCTION = YES;
				GCC_WARN_UNUSED_VARIABLE = YES;
				IPHONEOS_DEPLOYMENT_TARGET = 9.3;
				MTL_ENABLE_DEBUG_INFO = YES;
				ONLY_ACTIVE_ARCH = YES;
				SDKROOT = iphoneos;
				SWIFT_OPTIMIZATION_LEVEL = "-Onone";
			};
			name = Debug;
		};
		F15242111CEDDAD4003732C7 /* Release */ = {
			isa = XCBuildConfiguration;
			buildSettings = {
				ALWAYS_SEARCH_USER_PATHS = NO;
				CLANG_ANALYZER_NONNULL = YES;
				CLANG_CXX_LANGUAGE_STANDARD = "gnu++0x";
				CLANG_CXX_LIBRARY = "libc++";
				CLANG_ENABLE_MODULES = YES;
				CLANG_ENABLE_OBJC_ARC = YES;
				CLANG_WARN_BOOL_CONVERSION = YES;
				CLANG_WARN_CONSTANT_CONVERSION = YES;
				CLANG_WARN_DIRECT_OBJC_ISA_USAGE = YES_ERROR;
				CLANG_WARN_EMPTY_BODY = YES;
				CLANG_WARN_ENUM_CONVERSION = YES;
				CLANG_WARN_INT_CONVERSION = YES;
				CLANG_WARN_OBJC_ROOT_CLASS = YES_ERROR;
				CLANG_WARN_UNREACHABLE_CODE = YES;
				CLANG_WARN__DUPLICATE_METHOD_MATCH = YES;
				"CODE_SIGN_IDENTITY[sdk=iphoneos*]" = "iPhone Developer";
				COPY_PHASE_STRIP = NO;
				DEBUG_INFORMATION_FORMAT = "dwarf-with-dsym";
				ENABLE_NS_ASSERTIONS = NO;
				ENABLE_STRICT_OBJC_MSGSEND = YES;
				GCC_C_LANGUAGE_STANDARD = gnu99;
				GCC_NO_COMMON_BLOCKS = YES;
				GCC_WARN_64_TO_32_BIT_CONVERSION = YES;
				GCC_WARN_ABOUT_RETURN_TYPE = YES_ERROR;
				GCC_WARN_UNDECLARED_SELECTOR = YES;
				GCC_WARN_UNINITIALIZED_AUTOS = YES_AGGRESSIVE;
				GCC_WARN_UNUSED_FUNCTION = YES;
				GCC_WARN_UNUSED_VARIABLE = YES;
				IPHONEOS_DEPLOYMENT_TARGET = 9.3;
				MTL_ENABLE_DEBUG_INFO = NO;
				SDKROOT = iphoneos;
				VALIDATE_PRODUCT = YES;
			};
			name = Release;
		};
		F15242131CEDDAD4003732C7 /* Debug */ = {
			isa = XCBuildConfiguration;
			baseConfigurationReference = B184E9211934557DCDCFC995 /* Pods-MRT.debug.xcconfig */;
			buildSettings = {
				ASSETCATALOG_COMPILER_APPICON_NAME = AppIcon;
				INFOPLIST_FILE = MRT/Info.plist;
				LD_RUNPATH_SEARCH_PATHS = "$(inherited) @executable_path/Frameworks";
				PRODUCT_BUNDLE_IDENTIFIER = KAI.MRT;
				PRODUCT_NAME = "$(TARGET_NAME)";
			};
			name = Debug;
		};
		F15242141CEDDAD4003732C7 /* Release */ = {
			isa = XCBuildConfiguration;
			baseConfigurationReference = 7CE0BF19B62EB6FE9C07B408 /* Pods-MRT.release.xcconfig */;
			buildSettings = {
				ASSETCATALOG_COMPILER_APPICON_NAME = AppIcon;
				INFOPLIST_FILE = MRT/Info.plist;
				LD_RUNPATH_SEARCH_PATHS = "$(inherited) @executable_path/Frameworks";
				PRODUCT_BUNDLE_IDENTIFIER = KAI.MRT;
				PRODUCT_NAME = "$(TARGET_NAME)";
			};
			name = Release;
		};
		F15242161CEDDAD4003732C7 /* Debug */ = {
			isa = XCBuildConfiguration;
			buildSettings = {
				BUNDLE_LOADER = "$(TEST_HOST)";
				INFOPLIST_FILE = MRTTests/Info.plist;
				LD_RUNPATH_SEARCH_PATHS = "$(inherited) @executable_path/Frameworks @loader_path/Frameworks";
				PRODUCT_BUNDLE_IDENTIFIER = KAI.MRTTests;
				PRODUCT_NAME = "$(TARGET_NAME)";
				TEST_HOST = "$(BUILT_PRODUCTS_DIR)/MRT.app/MRT";
			};
			name = Debug;
		};
		F15242171CEDDAD4003732C7 /* Release */ = {
			isa = XCBuildConfiguration;
			buildSettings = {
				BUNDLE_LOADER = "$(TEST_HOST)";
				INFOPLIST_FILE = MRTTests/Info.plist;
				LD_RUNPATH_SEARCH_PATHS = "$(inherited) @executable_path/Frameworks @loader_path/Frameworks";
				PRODUCT_BUNDLE_IDENTIFIER = KAI.MRTTests;
				PRODUCT_NAME = "$(TARGET_NAME)";
				TEST_HOST = "$(BUILT_PRODUCTS_DIR)/MRT.app/MRT";
			};
			name = Release;
		};
		F15242191CEDDAD4003732C7 /* Debug */ = {
			isa = XCBuildConfiguration;
			buildSettings = {
				INFOPLIST_FILE = MRTUITests/Info.plist;
				LD_RUNPATH_SEARCH_PATHS = "$(inherited) @executable_path/Frameworks @loader_path/Frameworks";
				PRODUCT_BUNDLE_IDENTIFIER = KAI.MRTUITests;
				PRODUCT_NAME = "$(TARGET_NAME)";
				TEST_TARGET_NAME = MRT;
			};
			name = Debug;
		};
		F152421A1CEDDAD4003732C7 /* Release */ = {
			isa = XCBuildConfiguration;
			buildSettings = {
				INFOPLIST_FILE = MRTUITests/Info.plist;
				LD_RUNPATH_SEARCH_PATHS = "$(inherited) @executable_path/Frameworks @loader_path/Frameworks";
				PRODUCT_BUNDLE_IDENTIFIER = KAI.MRTUITests;
				PRODUCT_NAME = "$(TARGET_NAME)";
				TEST_TARGET_NAME = MRT;
			};
			name = Release;
		};
/* End XCBuildConfiguration section */

/* Begin XCConfigurationList section */
		F15241E51CEDDAD4003732C7 /* Build configuration list for PBXProject "MRT" */ = {
			isa = XCConfigurationList;
			buildConfigurations = (
				F15242101CEDDAD4003732C7 /* Debug */,
				F15242111CEDDAD4003732C7 /* Release */,
			);
			defaultConfigurationIsVisible = 0;
			defaultConfigurationName = Release;
		};
		F15242121CEDDAD4003732C7 /* Build configuration list for PBXNativeTarget "MRT" */ = {
			isa = XCConfigurationList;
			buildConfigurations = (
				F15242131CEDDAD4003732C7 /* Debug */,
				F15242141CEDDAD4003732C7 /* Release */,
			);
			defaultConfigurationIsVisible = 0;
			defaultConfigurationName = Release;
		};
		F15242151CEDDAD4003732C7 /* Build configuration list for PBXNativeTarget "MRTTests" */ = {
			isa = XCConfigurationList;
			buildConfigurations = (
				F15242161CEDDAD4003732C7 /* Debug */,
				F15242171CEDDAD4003732C7 /* Release */,
			);
			defaultConfigurationIsVisible = 0;
			defaultConfigurationName = Release;
		};
		F15242181CEDDAD4003732C7 /* Build configuration list for PBXNativeTarget "MRTUITests" */ = {
			isa = XCConfigurationList;
			buildConfigurations = (
				F15242191CEDDAD4003732C7 /* Debug */,
				F152421A1CEDDAD4003732C7 /* Release */,
			);
			defaultConfigurationIsVisible = 0;
			defaultConfigurationName = Release;
		};
/* End XCConfigurationList section */
	};
	rootObject = F15241E21CEDDAD4003732C7 /* Project object */;
}
